lockfileVersion: '9.0'

settings:
  autoInstallPeers: true
  excludeLinksFromLockfile: false

importers:

  .:
    dependencies:
      '@hono/node-server':
        specifier: ^2.0.2
        version: 2.0.2(hono@4.12.18)
      '@tmcp/adapter-valibot':
        specifier: ^0.1.5
        version: 0.1.5(tmcp@1.19.3(typescript@6.0.3))(valibot@1.4.0(typescript@6.0.3))
      '@tmcp/transport-http':
        specifier: ^0.8.5
        version: 0.8.5(tmcp@1.19.3(typescript@6.0.3))
      '@tmcp/transport-stdio':
        specifier: ^0.4.2
        version: 0.4.2(tmcp@1.19.3(typescript@6.0.3))
      hono:
        specifier: ^4.12.18
        version: 4.12.18
      ofetch:
        specifier: ^1.5.1
        version: 1.5.1
      tmcp:
        specifier: ^1.19.3
        version: 1.19.3(typescript@6.0.3)
      valibot:
        specifier: ^1.4.0
        version: 1.4.0(typescript@6.0.3)
    devDependencies:
      '@e18e/eslint-plugin':
        specifier: 0.8.0
        version: 0.8.0(oxlint@1.83.0(oxlint-tsgolint@0.25.0))
      '@rlly/pedantic':
        specifier: 0.7.0
        version: 0.7.0(@e18e/eslint-plugin@0.8.0(oxlint@1.83.0(oxlint-tsgolint@0.25.0)))(oxlint-tsgolint@0.25.0)(oxlint@1.83.0(oxlint-tsgolint@0.25.0))
      '@types/node':
        specifier: 25.9.0
        version: 25.9.0
      oxlint:
        specifier: 1.83.0
        version: 1.83.0(oxlint-tsgolint@0.25.0)
      oxlint-tsgolint:
        specifier: 0.25.0
        version: 0.25.0
      prettier:
        specifier: 3.9.7
        version: 3.9.7
      typescript:
        specifier: 6.0.3
        version: 6.0.3

packages:

  '@e18e/eslint-plugin@0.8.0':
    resolution: {integrity: sha512-js/TeM+XJyoJ2Zk4if5uTEchv3MEbqugc9gLgq8YdB6Dy+LvwGACpQiAwcul0r4LUl0TvhuzAKUeIUPtGp2cew==}
    peerDependencies:
      eslint: ^9.0.0 || ^10.0.0
      oxlint: ^1.72.0
    peerDependenciesMeta:
      eslint:
        optional: true
      oxlint:
        optional: true

  '@hono/node-server@2.0.2':
    resolution: {integrity: sha512-tXlTi1h/4V7sDe7i97IVP+9re9ZU7wXZZggnR5ucCRclf1+AX6YhGStrR5w8bLj+3Mlyl0pKfBh9gqTqqnGKfQ==}
    engines: {node: '>=20'}
    peerDependencies:
      hono: ^4

  '@oxlint-tsgolint/darwin-arm64@0.25.0':
    resolution: {integrity: sha512-87opKlwFP8qS9WHAeETV+kA0fC9Oyj4sg7OxWdI4xQY0WC7zlN6BgG66uE5mvtN5mahkt/gL0i/AVEnX6POq2Q==}
    cpu: [arm64]
    os: [darwin]

  '@oxlint-tsgolint/darwin-x64@0.25.0':
    resolution: {integrity: sha512-HJmuZexsrhqp4WmETn+Soq7Ogt5F0jirv+cYRSniIPe+d/x5beQzLX69xOLhQRE+8FLGETe7FahWMVP8x0dW4g==}
    cpu: [x64]
    os: [darwin]

  '@oxlint-tsgolint/linux-arm64@0.25.0':
    resolution: {integrity: sha512-aNyYsPREvCJi3qjfBA0sQB7DhT3y/W5Ac2JI2D8IJynoTOAhVZj401Si6901oDajlBWyqJqqojudn0VgHB6+7A==}
    cpu: [arm64]
    os: [linux]

  '@oxlint-tsgolint/linux-x64@0.25.0':
    resolution: {integrity: sha512-+60+VjK9Mch3uA5WlTdNHuAm5+WA7wPPjuWdPWlU0F6JJpYpGZXUpO1RPKuFEWsBpNbLcLeJ0LbCJ1doWu58NA==}
    cpu: [x64]
    os: [linux]

  '@oxlint-tsgolint/win32-arm64@0.25.0':
    resolution: {integrity: sha512-r53TO+eHp/t53nnUkQJfrYYXODPAxmtf3RUFQG5XsE2hD21IunliOaAdZXP2UwzCx+r/fbNaEelqTaAHcDr57w==}
    cpu: [arm64]
    os: [win32]

  '@oxlint-tsgolint/win32-x64@0.25.0':
    resolution: {integrity: sha512-vqe66B+gL9HarhyHemdlfC2VWT7eoA+o/ufZ7zT6AGHv64boyDZIJS3U+rpZo+ey4O7wZtiS/vYR2fWqDoFeBw==}
    cpu: [x64]
    os: [win32]

  '@oxlint/binding-android-arm-eabi@1.83.0':
    resolution: {integrity: sha512-0yGY24EwsLk5YDe6F+VkmZyRHSwJDALa3nIrPpq7FXmp2lV2d0TzvBCGeZk+wgiULRGr5blhyr4QMp5KCXJUqA==}
    engines: {node: ^20.19.0 || >=22.12.0}
    cpu: [arm]
    os: [android]

  '@oxlint/binding-android-arm64@1.83.0':
    resolution: {integrity: sha512-hHfJ0vc17A4iUjH5p9BsTUPYbYRNxGpvD2lbu1aBRk54bzNIx9o5TtYF39QPZcV95DagZd+4DEAw2RH3G2ZsMg==}
    engines: {node: ^20.19.0 || >=22.12.0}
    cpu: [arm64]
    os: [android]

  '@oxlint/binding-darwin-arm64@1.83.0':
    resolution: {integrity: sha512-hsOjYjszLb/3zym/TkzUMPAoQlTJcuzSyEPOAyA+skXJIX9M0o+4JfOtqopX/Vf4hSLrJ98j0nvFo23gzk8auQ==}
    engines: {node: ^20.19.0 || >=22.12.0}
    cpu: [arm64]
    os: [darwin]

  '@oxlint/binding-darwin-x64@1.83.0':
    resolution: {integrity: sha512-mjh5oH2EA+wl5yRJYT9K9G61O2zFlpuv+yf2JwZOi0+dq2FnTUtm1h8i+5Ik0fXPWIu/k84I1psZR9aQsLAnyA==}
    engines: {node: ^20.19.0 || >=22.12.0}
    cpu: [x64]
    os: [darwin]

  '@oxlint/binding-freebsd-x64@1.83.0':
    resolution: {integrity: sha512-fNHr64/YaO8YssuoDVC8+F4Uk5enR86q5uxfHkQrjAPs1dbAILOrD2uaud+J7MO8Fx774g44ERLD0IGIvZE48w==}
    engines: {node: ^20.19.0 || >=22.12.0}
    cpu: [x64]
    os: [freebsd]

  '@oxlint/binding-linux-arm-gnueabihf@1.83.0':
    resolution: {integrity: sha512-Qpwy3zzAwMj+8/lyYItHmkSMwbkprFNWTK7jPYDOxSyxEhaSLOWYUTCMkjF334J8/WD0nznCCsoBbIH6hpsuIw==}
    engines: {node: ^20.19.0 || >=22.12.0}
    cpu: [arm]
    os: [linux]

  '@oxlint/binding-linux-arm-musleabihf@1.83.0':
    resolution: {integrity: sha512-s+BirYLFq7JL2k9sP0XI3ZXJ9dYvJ8sX3jLCLoag7tt+zrSHpZxP0jqznfL+Gdgwu7ay0dYgGYJXrQvq3iWloA==}
    engines: {node: ^20.19.0 || >=22.12.0}
    cpu: [arm]
    os: [linux]

  '@oxlint/binding-linux-arm64-gnu@1.83.0':
    resolution: {integrity: sha512-7lihXt3vKr+GIyapNbHrnFHm/biiW30le6Zv/DExbAFPF6YwCQXVFlONPFehxs0CpGO4CBfYPM9rdDT+XMoIlg==}
    engines: {node: ^20.19.0 || >=22.12.0}
    cpu: [arm64]
    os: [linux]
    libc: [glibc]

  '@oxlint/binding-linux-arm64-musl@1.83.0':
    resolution: {integrity: sha512-q63JalLYVkZiZvls1z3PPUnpmQluOMXp0khqQMznCeAPLGydfNY8JhvuA4WlK57JfrvikU8wB5lPVveqpIXvew==}
    engines: {node: ^20.19.0 || >=22.12.0}
    cpu: [arm64]
    os: [linux]
    libc: [musl]

  '@oxlint/binding-linux-ppc64-gnu@1.83.0':
    resolution: {integrity: sha512-krQmDF+dRbxvdqVPV88ZuOoPPu8X5BuqDA8Hd+qcS4YMRQCb+nexA57DazgGsc/rGdKBe3QmV0mnv0bdpW/p5g==}
    engines: {node: ^20.19.0 || >=22.12.0}
    cpu: [ppc64]
    os: [linux]
    libc: [glibc]

  '@oxlint/binding-linux-riscv64-gnu@1.83.0':
    resolution: {integrity: sha512-MmOl8Y6txEAXZU1RG8Rr264jQ6D7VPmqFsU/45x/FeWsGe32hklTqGrLE6UxHzp5Rjt0wP+20tY8YXKgSFB3mw==}
    engines: {node: ^20.19.0 || >=22.12.0}
    cpu: [riscv64]
    os: [linux]
    libc: [glibc]

  '@oxlint/binding-linux-riscv64-musl@1.83.0':
    resolution: {integrity: sha512-u1rMymh0W3JZkq370kzQsYPULGWqhE09pZRqnZvUSoYaI9pVO5yVX+iYIslmWuEgwuzH9YAaOsScJiobWCHoOw==}
    engines: {node: ^20.19.0 || >=22.12.0}
    cpu: [riscv64]
    os: [linux]
    libc: [musl]

  '@oxlint/binding-linux-s390x-gnu@1.83.0':
    resolution: {integrity: sha512-y0zK3HNwGysu7rqtE+BQG/d0bx5gh/KwlOtghN8oWeK1KcWzeaLqtZrbm8owqdma1lFyrce/hTO5ismuNu+INQ==}
    engines: {node: ^20.19.0 || >=22.12.0}
    cpu: [s390x]
    os: [linux]
    libc: [glibc]

  '@oxlint/binding-linux-x64-gnu@1.83.0':
    resolution: {integrity: sha512-rS5gM0NgD7ngmuJmbIehsidtrOwKkLFwCQbKEeb9KuyQrrWNq5Zkn0uV6AYdXOMJ0grrWEiLwBuvMxt8w5vsNw==}
    engines: {node: ^20.19.0 || >=22.12.0}
    cpu: [x64]
    os: [linux]
    libc: [glibc]

  '@oxlint/binding-linux-x64-musl@1.83.0':
    resolution: {integrity: sha512-W2IH4EtpcPaWcvNGCA95YoDg4vxqE/ZiPCi3arrxEEpsK7+JQN9WYwrlYFx9pcdP6KPXqRqkv3zdQPHcx7b6YQ==}
    engines: {node: ^20.19.0 || >=22.12.0}
    cpu: [x64]
    os: [linux]
    libc: [musl]

  '@oxlint/binding-openharmony-arm64@1.83.0':
    resolution: {integrity: sha512-6LyKkUyoajssTPLlZmDbZIbu4IZ5B4bGuRUnBgCGpEvHP3FQMaYITncHA/unPUo7q+Z+pIu2HhdkQ+8d1SG7iA==}
    engines: {node: ^20.19.0 || >=22.12.0}
    cpu: [arm64]
    os: [openharmony]

  '@oxlint/binding-win32-arm64-msvc@1.83.0':
    resolution: {integrity: sha512-Uz/fObEtF0jmNJQJ8CGRBKfefYstS0/wjD3s6IGzP8nUwsJykHQJBiN3npHwKiGRGn/vvBEgNr4B3cCzmmatvg==}
    engines: {node: ^20.19.0 || >=22.12.0}
    cpu: [arm64]
    os: [win32]

  '@oxlint/binding-win32-ia32-msvc@1.83.0':
    resolution: {integrity: sha512-u7XcvPW6Bk58tY5iWs2ESb0vJjoE/kuSpHxopbwp/p3ZtWVQXZ6wor5w3ssVTHOqd/v8b+QdhSFWQ4grEUNWpA==}
    engines: {node: ^20.19.0 || >=22.12.0}
    cpu: [ia32]
    os: [win32]

  '@oxlint/binding-win32-x64-msvc@1.83.0':
    resolution: {integrity: sha512-LZRubd7ph13QmAg4fFecTYVZkiYbROR2Htaxh/ufWRkDhPOm2wrwaEYR89e0YpPFD3dqBrPoxS7myBw5hmYA7Q==}
    engines: {node: ^20.19.0 || >=22.12.0}
    cpu: [x64]
    os: [win32]

  '@rlly/pedantic@0.7.0':
    resolution: {integrity: sha512-qXdMfCMtEMbBTEkPTw323ZcsAPp3IxtqjQJyFUXXoS0qZ8LTDUT6scy7yp2mjmJ8+4lS6hLi1UsNlg1P2EshFQ==}
    engines: {node: ^24.0.0}
    peerDependencies:
      '@e18e/eslint-plugin': ^0.8.0
      oxlint: 1.78.0
      oxlint-tsgolint: 7.0.2001
    peerDependenciesMeta:
      '@e18e/eslint-plugin':
        optional: true
      oxlint-tsgolint:
        optional: true

  '@standard-schema/spec@1.1.0':
    resolution: {integrity: sha512-l2aFy5jALhniG5HgqrD6jXLi/rUWrKvqN/qJx6yoJsgKhblVd+iqqU4RCXavm/jPityDo5TCvKMnpjKnOriy0w==}

  '@tmcp/adapter-valibot@0.1.5':
    resolution: {integrity: sha512-9P2wrVYPngemNK0UvPb/opC722/jfd09QxXmme1TRp/wPsl98vpSk/MXt24BCMqBRv4Dvs0xxJH4KHDcjXW52Q==}
    peerDependencies:
      tmcp: ^1.17.0
      valibot: ^1.1.0

  '@tmcp/session-manager@0.2.1':
    resolution: {integrity: sha512-DOGy9LfufXCy1wfpGHZ6qPSDQtRnTVwOb71+41ffovTqzLMZlK3iLK/LIsekHxIiku+iIAUiqEKN+DHbqEm8IA==}
    peerDependencies:
      tmcp: ^1.16.3

  '@tmcp/transport-http@0.8.5':
    resolution: {integrity: sha512-qQLqiCTtbxtTSswqOn/782df7O57RxI/yLUtCDQ++kHEhbmDUc8glmmtGJ3mrb7yPSPoM5VF2Pc2Q5cA6quzLA==}
    peerDependencies:
      '@tmcp/auth': ^0.3.3 || ^0.4.0
      tmcp: ^1.18.0
    peerDependenciesMeta:
      '@tmcp/auth':
        optional: true

  '@tmcp/transport-stdio@0.4.2':
    resolution: {integrity: sha512-OLVLJzUXAKsCvenkjPf5ygli9ZcbEv3Lcei/ry+DB4T1NzvDc1oU3m41zYtHhAmbES1h6om3T9f/zonBSDFMRQ==}
    peerDependencies:
      tmcp: ^1.16.3

  '@types/node@25.9.0':
    resolution: {integrity: sha512-AOQwYUNolgy3VosiRqXrACUXTN8nJUtPl7FJXMqZVyxiiCLhQuG3jXKvCS1ALr+Y2OmZhzzLVlYPEqJaiqkaJQ==}

  '@valibot/to-json-schema@1.7.0':
    resolution: {integrity: sha512-Y3pPVibbIOHzohrlxSINvO7w/bvXkoYS3BQHoImV9ynE+bXKf171bdMucPurV2zp7gdmt0L1HCcNAsbo7cFRQw==}
    peerDependencies:
      valibot: ^1.4.0

  destr@2.0.5:
    resolution: {integrity: sha512-ugFTXCtDZunbzasqBxrK93Ik/DRYsO6S/fedkWEMKqt04xZ4csmnmwGDBAb07QWNaGMAmnTIemsYZCksjATwsA==}

  empathic@2.0.1:
    resolution: {integrity: sha512-YGRs8knHhKHVShLkFET/rWAU8kmHbOV5LwN938RHI0pljAJ1Gf6SzXsSmRaEzcXTtOOmVqJ5+WtQPL5uigY50Q==}
    engines: {node: '>=14'}

  esm-env@1.2.2:
    resolution: {integrity: sha512-Epxrv+Nr/CaL4ZcFGPJIYLWFom+YeV1DqMLHJoEd9SYRxNbaFruBwfEX/kkHUJf55j2+TUbmDcmuilbP1TmXHA==}

  hono@4.12.18:
    resolution: {integrity: sha512-RWzP96k/yv0PQfyXnWjs6zot20TqfpfsNXhOnev8d1InAxubW93L11/oNUc3tQqn2G0bSdAOBpX+2uDFHV7kdQ==}
    engines: {node: '>=16.9.0'}

  json-rpc-2.0@1.7.1:
    resolution: {integrity: sha512-JqZjhjAanbpkXIzFE7u8mE/iFblawwlXtONaCvRqI+pyABVz7B4M1EUNpyVW+dZjqgQ2L5HFmZCmOCgUKm00hg==}

  module-replacements@3.3.0:
    resolution: {integrity: sha512-AVZL23uePazQOZlb/QMGwxsUa1oWA62Cfe6ApPzgasUoF4cdCWAiRPVq4KkaQzXbIDAlpLhLG61Jx8Lju4wjTg==}

  node-fetch-native@1.6.7:
    resolution: {integrity: sha512-g9yhqoedzIUm0nTnTqAQvueMPVOuIY16bqgAJJC8XOOubYFNwz6IER9qs0Gq2Xd0+CecCKFjtdDTMA4u4xG06Q==}

  ofetch@1.5.1:
    resolution: {integrity: sha512-2W4oUZlVaqAPAil6FUg/difl6YhqhUR7x2eZY4bQCko22UXg3hptq9KLQdqFClV+Wu85UX7hNtdGTngi/1BxcA==}

  oxlint-tsgolint@0.25.0:
    resolution: {integrity: sha512-7DBpqyLZCfyoXiivyfzt9Xmju/K1RcN+Y1W7buEwrgRCWWF11v9alypPqWGZBmh2erDkKL/kVyhKUH2Px+t13A==}
    hasBin: true

  oxlint@1.83.0:
    resolution: {integrity: sha512-cyDzSzaw3uzP0TeCeq3lLRPPoaUxkbB4ZOXj+kn+5r+BX9V+4bNVGk9lxer+WrgcpebH4JxLlJ3KQjveVztOLQ==}
    engines: {node: ^20.19.0 || >=22.12.0}
    hasBin: true
    peerDependencies:
      oxlint-tsgolint: '>=7.0.2001'
      vite-plus: '*'
    peerDependenciesMeta:
      oxlint-tsgolint:
        optional: true
      vite-plus:
        optional: true

  prettier@3.9.7:
    resolution: {integrity: sha512-T3mF5P7HFzZVLDQuCUNtJj6WK1pcpLMweMNUVwGb01bLNkH9AkKxtZvmInw8K6bnn2O3d6/5RHl6zSHiBAD0Og==}
    engines: {node: '>=14'}
    hasBin: true

  semver@7.8.5:
    resolution: {integrity: sha512-Y7/KDsb8LjooZpwaqGyulO6DQlksgCncchHGk+sZIY4SBvUocMBEFH5Ur1fI4dV+Jvl0w6cjvucaIi40puRioA==}
    engines: {node: '>=10'}
    hasBin: true

  sqids@0.3.0:
    resolution: {integrity: sha512-lOQK1ucVg+W6n3FhRwwSeUijxe93b51Bfz5PMRMihVf1iVkl82ePQG7V5vwrhzB11v0NtsR25PSZRGiSomJaJw==}

  tmcp@1.19.3:
    resolution: {integrity: sha512-plz/TLKNFrdfQN32LjCTN6ULy6pynfGPgHcU7KGCI5dBrxQ9Mub99SmcYuzxEkLjJooQuOD3gosSwZEl1htOtw==}

  typescript@6.0.3:
    resolution: {integrity: sha512-y2TvuxSZPDyQakkFRPZHKFm+KKVqIisdg9/CZwm9ftvKXLP8NRWj38/ODjNbr43SsoXqNuAisEf1GdCxqWcdBw==}
    engines: {node: '>=14.17'}
    hasBin: true

  ufo@1.6.4:
    resolution: {integrity: sha512-JFNbkD1Svwe0KvGi8GOeLcP4kAWQ609twvCdcHxq1oSL8svv39ZuSvajcD8B+5D0eL4+s1Is2D/O6KN3qcTeRA==}

  undici-types@7.24.6:
    resolution: {integrity: sha512-WRNW+sJgj5OBN4/0JpHFqtqzhpbnV0GuB+OozA9gCL7a993SmU+1JBZCzLNxYsbMfIeDL+lTsphD5jN5N+n0zg==}

  uri-template-matcher@1.1.2:
    resolution: {integrity: sha512-uZc1h12jdO3m/R77SfTEOuo6VbMhgWznaawKpBjRGSJb7i91x5PgI37NQJtG+Cerxkk0yr1pylBY2qG1kQ+aEQ==}

  valibot@1.4.0:
    resolution: {integrity: sha512-iC/x7fVcSyOwlm/VSt7RlHnzNGLGvR9GnxdifUeWoCJo0q4ZZvrVkIHC6faTlkxG47I2Y4UrFquPuVHCrOnrLg==}
    peerDependencies:
      typescript: '>=5'
    peerDependenciesMeta:
      typescript:
        optional: true

snapshots:

  '@e18e/eslint-plugin@0.8.0(oxlint@1.83.0(oxlint-tsgolint@0.25.0))':
    dependencies:
      empathic: 2.0.1
      module-replacements: 3.3.0
      semver: 7.8.5
    optionalDependencies:
      oxlint: 1.83.0(oxlint-tsgolint@0.25.0)

  '@hono/node-server@2.0.2(hono@4.12.18)':
    dependencies:
      hono: 4.12.18

  '@oxlint-tsgolint/darwin-arm64@0.25.0':
    optional: true

  '@oxlint-tsgolint/darwin-x64@0.25.0':
    optional: true

  '@oxlint-tsgolint/linux-arm64@0.25.0':
    optional: true

  '@oxlint-tsgolint/linux-x64@0.25.0':
    optional: true

  '@oxlint-tsgolint/win32-arm64@0.25.0':
    optional: true

  '@oxlint-tsgolint/win32-x64@0.25.0':
    optional: true

  '@oxlint/binding-android-arm-eabi@1.83.0':
    optional: true

  '@oxlint/binding-android-arm64@1.83.0':
    optional: true

  '@oxlint/binding-darwin-arm64@1.83.0':
    optional: true

  '@oxlint/binding-darwin-x64@1.83.0':
    optional: true

  '@oxlint/binding-freebsd-x64@1.83.0':
    optional: true

  '@oxlint/binding-linux-arm-gnueabihf@1.83.0':
    optional: true

  '@oxlint/binding-linux-arm-musleabihf@1.83.0':
    optional: true

  '@oxlint/binding-linux-arm64-gnu@1.83.0':
    optional: true

  '@oxlint/binding-linux-arm64-musl@1.83.0':
    optional: true

  '@oxlint/binding-linux-ppc64-gnu@1.83.0':
    optional: true

  '@oxlint/binding-linux-riscv64-gnu@1.83.0':
    optional: true

  '@oxlint/binding-linux-riscv64-musl@1.83.0':
    optional: true

  '@oxlint/binding-linux-s390x-gnu@1.83.0':
    optional: true

  '@oxlint/binding-linux-x64-gnu@1.83.0':
    optional: true

  '@oxlint/binding-linux-x64-musl@1.83.0':
    optional: true

  '@oxlint/binding-openharmony-arm64@1.83.0':
    optional: true

  '@oxlint/binding-win32-arm64-msvc@1.83.0':
    optional: true

  '@oxlint/binding-win32-ia32-msvc@1.83.0':
    optional: true

  '@oxlint/binding-win32-x64-msvc@1.83.0':
    optional: true

  '@rlly/pedantic@0.7.0(@e18e/eslint-plugin@0.8.0(oxlint@1.83.0(oxlint-tsgolint@0.25.0)))(oxlint-tsgolint@0.25.0)(oxlint@1.83.0(oxlint-tsgolint@0.25.0))':
    dependencies:
      oxlint: 1.83.0(oxlint-tsgolint@0.25.0)
    optionalDependencies:
      '@e18e/eslint-plugin': 0.8.0(oxlint@1.83.0(oxlint-tsgolint@0.25.0))
      oxlint-tsgolint: 0.25.0

  '@standard-schema/spec@1.1.0': {}

  '@tmcp/adapter-valibot@0.1.5(tmcp@1.19.3(typescript@6.0.3))(valibot@1.4.0(typescript@6.0.3))':
    dependencies:
      '@standard-schema/spec': 1.1.0
      '@valibot/to-json-schema': 1.7.0(valibot@1.4.0(typescript@6.0.3))
      tmcp: 1.19.3(typescript@6.0.3)
      valibot: 1.4.0(typescript@6.0.3)

  '@tmcp/session-manager@0.2.1(tmcp@1.19.3(typescript@6.0.3))':
    dependencies:
      tmcp: 1.19.3(typescript@6.0.3)

  '@tmcp/transport-http@0.8.5(tmcp@1.19.3(typescript@6.0.3))':
    dependencies:
      '@tmcp/session-manager': 0.2.1(tmcp@1.19.3(typescript@6.0.3))
      esm-env: 1.2.2
      tmcp: 1.19.3(typescript@6.0.3)

  '@tmcp/transport-stdio@0.4.2(tmcp@1.19.3(typescript@6.0.3))':
    dependencies:
      tmcp: 1.19.3(typescript@6.0.3)

  '@types/node@25.9.0':
    dependencies:
      undici-types: 7.24.6

  '@valibot/to-json-schema@1.7.0(valibot@1.4.0(typescript@6.0.3))':
    dependencies:
      valibot: 1.4.0(typescript@6.0.3)

  destr@2.0.5: {}

  empathic@2.0.1: {}

  esm-env@1.2.2: {}

  hono@4.12.18: {}

  json-rpc-2.0@1.7.1: {}

  module-replacements@3.3.0: {}

  node-fetch-native@1.6.7: {}

  ofetch@1.5.1:
    dependencies:
      destr: 2.0.5
      node-fetch-native: 1.6.7
      ufo: 1.6.4

  oxlint-tsgolint@0.25.0:
    optionalDependencies:
      '@oxlint-tsgolint/darwin-arm64': 0.25.0
      '@oxlint-tsgolint/darwin-x64': 0.25.0
      '@oxlint-tsgolint/linux-arm64': 0.25.0
      '@oxlint-tsgolint/linux-x64': 0.25.0
      '@oxlint-tsgolint/win32-arm64': 0.25.0
      '@oxlint-tsgolint/win32-x64': 0.25.0

  oxlint@1.83.0(oxlint-tsgolint@0.25.0):
    optionalDependencies:
      '@oxlint/binding-android-arm-eabi': 1.83.0
      '@oxlint/binding-android-arm64': 1.83.0
      '@oxlint/binding-darwin-arm64': 1.83.0
      '@oxlint/binding-darwin-x64': 1.83.0
      '@oxlint/binding-freebsd-x64': 1.83.0
      '@oxlint/binding-linux-arm-gnueabihf': 1.83.0
      '@oxlint/binding-linux-arm-musleabihf': 1.83.0
      '@oxlint/binding-linux-arm64-gnu': 1.83.0
      '@oxlint/binding-linux-arm64-musl': 1.83.0
      '@oxlint/binding-linux-ppc64-gnu': 1.83.0
      '@oxlint/binding-linux-riscv64-gnu': 1.83.0
      '@oxlint/binding-linux-riscv64-musl': 1.83.0
      '@oxlint/binding-linux-s390x-gnu': 1.83.0
      '@oxlint/binding-linux-x64-gnu': 1.83.0
      '@oxlint/binding-linux-x64-musl': 1.83.0
      '@oxlint/binding-openharmony-arm64': 1.83.0
      '@oxlint/binding-win32-arm64-msvc': 1.83.0
      '@oxlint/binding-win32-ia32-msvc': 1.83.0
      '@oxlint/binding-win32-x64-msvc': 1.83.0
      oxlint-tsgolint: 0.25.0

  prettier@3.9.7: {}

  semver@7.8.5: {}

  sqids@0.3.0: {}

  tmcp@1.19.3(typescript@6.0.3):
    dependencies:
      '@standard-schema/spec': 1.1.0
      json-rpc-2.0: 1.7.1
      sqids: 0.3.0
      uri-template-matcher: 1.1.2
      valibot: 1.4.0(typescript@6.0.3)
    transitivePeerDependencies:
      - typescript

  typescript@6.0.3: {}

  ufo@1.6.4: {}

  undici-types@7.24.6: {}

  uri-template-matcher@1.1.2: {}

  valibot@1.4.0(typescript@6.0.3):
    optionalDependencies:
      typescript: 6.0.3
